# THIS IS AN AUTOGENERATED FILE. DO NOT EDIT THIS FILE DIRECTLY.
# yarn lockfile v1


"@types/fibers@^0.0.30":
  version "0.0.30"
  resolved "https://registry.yarnpkg.com/@types/fibers/-/fibers-0.0.30.tgz#7fc7b9a9a14cb9a9e20416011b16195400d485b8"

"@types/mathjs@^3.20.0":
  version "3.20.0"
  resolved "https://registry.yarnpkg.com/@types/mathjs/-/mathjs-3.20.0.tgz#4e516b0c1a65591fee14f5bc9efcaccef46ac386"
  dependencies:
    decimal.js "^10.0.0"

"@types/node-int64@^0.4.29":
  version "0.4.29"
  resolved "https://registry.yarnpkg.com/@types/node-int64/-/node-int64-0.4.29.tgz#8c7c16a7c1195ae4f8beaa903b0018ac66291d16"
  dependencies:
    "@types/node" "*"

"@types/node@*", "@types/node@^10.1.2":
  version "10.1.2"
  resolved "https://registry.yarnpkg.com/@types/node/-/node-10.1.2.tgz#1b928a0baa408fc8ae3ac012cc81375addc147c6"

complex.js@2.0.4:
  version "2.0.4"
  resolved "https://registry.yarnpkg.com/complex.js/-/complex.js-2.0.4.tgz#d8e7cfb9652d1e853e723386421c1a0ca7a48373"

decimal.js@9.0.1:
  version "9.0.1"
  resolved "https://registry.yarnpkg.com/decimal.js/-/decimal.js-9.0.1.tgz#1cc8b228177da7ab6498c1cc06eb130a290e6e1e"

decimal.js@^10.0.0:
  version "10.0.0"
  resolved "https://registry.yarnpkg.com/decimal.js/-/decimal.js-10.0.0.tgz#f24855f7ee301d0dfaa458df0fdf4d5aaa182fdc"

escape-latex@1.0.3:
  version "1.0.3"
  resolved "https://registry.yarnpkg.com/escape-latex/-/escape-latex-1.0.3.tgz#1b9085e3e66570faabe21f05655643f64e78717a"

fraction.js@4.0.4:
  version "4.0.4"
  resolved "https://registry.yarnpkg.com/fraction.js/-/fraction.js-4.0.4.tgz#04e567110718adf7b52974a10434ab4c67a5183e"

javascript-natural-sort@0.7.1:
  version "0.7.1"
  resolved "https://registry.yarnpkg.com/javascript-natural-sort/-/javascript-natural-sort-0.7.1.tgz#f9e2303d4507f6d74355a73664d1440fb5a0ef59"

linq@^3.1.0:
  version "3.1.0"
  resolved "https://registry.yarnpkg.com/linq/-/linq-3.1.0.tgz#fba9af7619273092e5f1b7d5fef8f0a364f89693"

mathjs@^4.2.2:
  version "4.2.2"
  resolved "https://registry.yarnpkg.com/mathjs/-/mathjs-4.2.2.tgz#a56785d49ff23da32c1e4eb26763e380592d22ae"
  dependencies:
    complex.js "2.0.4"
    decimal.js "9.0.1"
    escape-latex "1.0.3"
    fraction.js "4.0.4"
    javascript-natural-sort "0.7.1"
    seed-random "2.2.0"
    tiny-emitter "2.0.2"
    typed-function "1.0.3"

node-int64@^0.4.0:
  version "0.4.0"
  resolved "https://registry.yarnpkg.com/node-int64/-/node-int64-0.4.0.tgz#87a9065cdb355d3182d8f94ce11188b825c68a3b"

seed-random@2.2.0:
  version "2.2.0"
  resolved "https://registry.yarnpkg.com/seed-random/-/seed-random-2.2.0.tgz#2a9b19e250a817099231a5b99a4daf80b7fbed54"

sleep-promise@^6.0.0:
  version "6.0.0"
  resolved "https://registry.yarnpkg.com/sleep-promise/-/sleep-promise-6.0.0.tgz#a80b4c3c26ed553c73c9db7234bc0304f7d42d4a"

tiny-emitter@2.0.2:
  version "2.0.2"
  resolved "https://registry.yarnpkg.com/tiny-emitter/-/tiny-emitter-2.0.2.tgz#82d27468aca5ade8e5fd1e6d22b57dd43ebdfb7c"

typed-function@1.0.3:
  version "1.0.3"
  resolved "https://registry.yarnpkg.com/typed-function/-/typed-function-1.0.3.tgz#57026246214b664a5af45ef0a06679f4453bd090"

typescript@^2.8.3:
  version "2.8.3"
  resolved "https://registry.yarnpkg.com/typescript/-/typescript-2.8.3.tgz#5d817f9b6f31bb871835f4edf0089f21abe6c170"
